
Microsoft Visual Studio Solution File, Format Version 12.00
# Visual Studio Version 16
VisualStudioVersion = 16.0.31005.135
MinimumVisualStudioVersion = 10.0.40219.1
Project("{FAE04EC0-301F-11D3-BF4B-00C04F79EFBC}") = "MeuBanco", "MeuBanco\MeuBanco.csproj", "{78A247C4-CFB9-46FD-B499-E1EF68066E46}"
EndProject
Project("{FAE04EC0-301F-11D3-BF4B-00C04F79EFBC}") = "ApiService", "ApiService\ApiService.csproj", "{FEB88749-7125-4C0F-A12B-FBF5805A786A}"
EndProject
Global
	GlobalSection(SolutionConfigurationPlatforms) = preSolution
		Debug|Any CPU = Debug|Any CPU
		Release|Any CPU = Release|Any CPU
	EndGlobalSection
	GlobalSection(ProjectConfigurationPlatforms) = postSolution
		{78A247C4-CFB9-46FD-B499-E1EF68066E46}.Debug|Any CPU.ActiveCfg = Debug|Any CPU
		{78A247C4-CFB9-46FD-B499-E1EF68066E46}.Debug|Any CPU.Build.0 = Debug|Any CPU
		{78A247C4-CFB9-46FD-B499-E1EF68066E46}.Release|Any CPU.ActiveCfg = Release|Any CPU
		{78A247C4-CFB9-46FD-B499-E1EF68066E46}.Release|Any CPU.Build.0 = Release|Any CPU
		{FEB88749-7125-4C0F-A12B-FBF5805A786A}.Debug|Any CPU.ActiveCfg = Debug|Any CPU
		{FEB88749-7125-4C0F-A12B-FBF5805A786A}.Debug|Any CPU.Build.0 = Debug|Any CPU
		{FEB88749-7125-4C0F-A12B-FBF5805A786A}.Release|Any CPU.ActiveCfg = Release|Any CPU
		{FEB88749-7125-4C0F-A12B-FBF5805A786A}.Release|Any CPU.Build.0 = Release|Any CPU
	EndGlobalSection
	GlobalSection(SolutionProperties) = preSolution
		HideSolutionNode = FALSE
	EndGlobalSection
	GlobalSection(ExtensibilityGlobals) = postSolution
		SolutionGuid = {A5C17FB5-CB19-4172-8BAB-14DB484ED513}
	EndGlobalSection
EndGlobal
